// !$*UTF8*$!
{
	archiveVersion = 1;
	classes = {
	};
	objectVersion = 46;
	objects = {

/* Begin PBXBuildFile section */
		B25AA9891F434A0B00CE9EED /* Pokemon.swift in Sources */ = {isa = PBXBuildFile; fileRef = B25AA9881F434A0B00CE9EED /* Pokemon.swift */; };
		B25AA98C1F434EF600CE9EED /* Pokemon Hollow.ttf in Resources */ = {isa = PBXBuildFile; fileRef = B25AA98A1F434EF600CE9EED /* Pokemon Hollow.ttf */; };
		B25AA98D1F434EF600CE9EED /* Pokemon Solid.ttf in Resources */ = {isa = PBXBuildFile; fileRef = B25AA98B1F434EF600CE9EED /* Pokemon Solid.ttf */; };
		B25AA9931F4351F300CE9EED /* PokeCell.swift in Sources */ = {isa = PBXBuildFile; fileRef = B25AA9921F4351F300CE9EED /* PokeCell.swift */; };
		B2A231481F41ECDA006F1C6A /* AppDelegate.swift in Sources */ = {isa = PBXBuildFile; fileRef = B2A231471F41ECDA006F1C6A /* AppDelegate.swift */; };
		B2A2314A1F41ECDA006F1C6A /* ViewController.swift in Sources */ = {isa = PBXBuildFile; fileRef = B2A231491F41ECDA006F1C6A /* ViewController.swift */; };
		B2A2314D1F41ECDA006F1C6A /* Main.storyboard in Resources */ = {isa = PBXBuildFile; fileRef = B2A2314B1F41ECDA006F1C6A /* Main.storyboard */; };
		B2A2314F1F41ECDA006F1C6A /* Assets.xcassets in Resources */ = {isa = PBXBuildFile; fileRef = B2A2314E1F41ECDA006F1C6A /* Assets.xcassets */; };
		B2A231521F41ECDA006F1C6A /* LaunchScreen.storyboard in Resources */ = {isa = PBXBuildFile; fileRef = B2A231501F41ECDA006F1C6A /* LaunchScreen.storyboard */; };
		B2A2315A1F41EFBC006F1C6A /* pokemon.csv in Resources */ = {isa = PBXBuildFile; fileRef = B2A231591F41EFBC006F1C6A /* pokemon.csv */; };
		B2D4DC581F4367EE00311387 /* csv.swift in Sources */ = {isa = PBXBuildFile; fileRef = B2D4DC571F4367EE00311387 /* csv.swift */; };
/* End PBXBuildFile section */

/* Begin PBXFileReference section */
		B25AA9881F434A0B00CE9EED /* Pokemon.swift */ = {isa = PBXFileReference; fileEncoding = 4; lastKnownFileType = sourcecode.swift; path = Pokemon.swift; sourceTree = "<group>"; };
		B25AA98A1F434EF600CE9EED /* Pokemon Hollow.ttf */ = {isa = PBXFileReference; lastKnownFileType = file; path = "Pokemon Hollow.ttf"; sourceTree = "<group>"; };
		B25AA98B1F434EF600CE9EED /* Pokemon Solid.ttf */ = {isa = PBXFileReference; lastKnownFileType = file; path = "Pokemon Solid.ttf"; sourceTree = "<group>"; };
		B25AA98F1F434F1F00CE9EED /* Pokemon GB.ttf */ = {isa = PBXFileReference; lastKnownFileType = file; path = "Pokemon GB.ttf"; sourceTree = "<group>"; };
		B25AA9901F434F1F00CE9EED /* Pokemon Unown GB.ttf */ = {isa = PBXFileReference; lastKnownFileType = file; path = "Pokemon Unown GB.ttf"; sourceTree = "<group>"; };
		B25AA9921F4351F300CE9EED /* PokeCell.swift */ = {isa = PBXFileReference; fileEncoding = 4; lastKnownFileType = sourcecode.swift; path = PokeCell.swift; sourceTree = "<group>"; };
		B2A231441F41ECDA006F1C6A /* Pokedex.app */ = {isa = PBXFileReference; explicitFileType = wrapper.application; includeInIndex = 0; path = Pokedex.app; sourceTree = BUILT_PRODUCTS_DIR; };
		B2A231471F41ECDA006F1C6A /* AppDelegate.swift */ = {isa = PBXFileReference; lastKnownFileType = sourcecode.swift; path = AppDelegate.swift; sourceTree = "<group>"; };
		B2A231491F41ECDA006F1C6A /* ViewController.swift */ = {isa = PBXFileReference; lastKnownFileType = sourcecode.swift; path = ViewController.swift; sourceTree = "<group>"; };
		B2A2314C1F41ECDA006F1C6A /* Base */ = {isa = PBXFileReference; lastKnownFileType = file.storyboard; name = Base; path = Base.lproj/Main.storyboard; sourceTree = "<group>"; };
		B2A2314E1F41ECDA006F1C6A /* Assets.xcassets */ = {isa = PBXFileReference; lastKnownFileType = folder.assetcatalog; path = Assets.xcassets; sourceTree = "<group>"; };
		B2A231511F41ECDA006F1C6A /* Base */ = {isa = PBXFileReference; lastKnownFileType = file.storyboard; name = Base; path = Base.lproj/LaunchScreen.storyboard; sourceTree = "<group>"; };
		B2A231531F41ECDA006F1C6A /* Info.plist */ = {isa = PBXFileReference; lastKnownFileType = text.plist.xml; path = Info.plist; sourceTree = "<group>"; };
		B2A231591F41EFBC006F1C6A /* pokemon.csv */ = {isa = PBXFileReference; fileEncoding = 4; lastKnownFileType = text; path = pokemon.csv; sourceTree = "<group>"; };
		B2D4DC571F4367EE00311387 /* csv.swift */ = {isa = PBXFileReference; fileEncoding = 4; lastKnownFileType = sourcecode.swift; path = csv.swift; sourceTree = "<group>"; };
/* End PBXFileReference section */

/* Begin PBXFrameworksBuildPhase section */
		B2A231411F41ECDA006F1C6A /* Frameworks */ = {
			isa = PBXFrameworksBuildPhase;
			buildActionMask = 2147483647;
			files = (
			);
			runOnlyForDeploymentPostprocessing = 0;
		};
/* End PBXFrameworksBuildPhase section */

/* Begin PBXGroup section */
		B25AA9871F4349EF00CE9EED /* Model */ = {
			isa = PBXGroup;
			children = (
				B25AA9881F434A0B00CE9EED /* Pokemon.swift */,
			);
			name = Model;
			sourceTree = "<group>";
		};
		B25AA98E1F434EFA00CE9EED /* Resource */ = {
			isa = PBXGroup;
			children = (
				B25AA98A1F434EF600CE9EED /* Pokemon Hollow.ttf */,
				B25AA98B1F434EF600CE9EED /* Pokemon Solid.ttf */,
				B25AA98F1F434F1F00CE9EED /* Pokemon GB.ttf */,
				B25AA9901F434F1F00CE9EED /* Pokemon Unown GB.ttf */,
			);
			name = Resource;
			sourceTree = "<group>";
		};
		B25AA9911F4351B800CE9EED /* View */ = {
			isa = PBXGroup;
			children = (
				B25AA9921F4351F300CE9EED /* PokeCell.swift */,
			);
			name = View;
			sourceTree = "<group>";
		};
		B2A2313B1F41ECDA006F1C6A = {
			isa = PBXGroup;
			children = (
				B2A231461F41ECDA006F1C6A /* Pokedex */,
				B2A231451F41ECDA006F1C6A /* Products */,
			);
			sourceTree = "<group>";
		};
		B2A231451F41ECDA006F1C6A /* Products */ = {
			isa = PBXGroup;
			children = (
				B2A231441F41ECDA006F1C6A /* Pokedex.app */,
			);
			name = Products;
			sourceTree = "<group>";
		};
		B2A231461F41ECDA006F1C6A /* Pokedex */ = {
			isa = PBXGroup;
			children = (
				B25AA9911F4351B800CE9EED /* View */,
				B25AA98E1F434EFA00CE9EED /* Resource */,
				B25AA9871F4349EF00CE9EED /* Model */,
				B2A231471F41ECDA006F1C6A /* AppDelegate.swift */,
				B2A231491F41ECDA006F1C6A /* ViewController.swift */,
				B2D4DC571F4367EE00311387 /* csv.swift */,
				B2A2314B1F41ECDA006F1C6A /* Main.storyboard */,
				B2A2314E1F41ECDA006F1C6A /* Assets.xcassets */,
				B2A231591F41EFBC006F1C6A /* pokemon.csv */,
				B2A231501F41ECDA006F1C6A /* LaunchScreen.storyboard */,
				B2A231531F41ECDA006F1C6A /* Info.plist */,
			);
			path = Pokedex;
			sourceTree = "<group>";
		};
/* End PBXGroup section */

/* Begin PBXNativeTarget section */
		B2A231431F41ECDA006F1C6A /* Pokedex */ = {
			isa = PBXNativeTarget;
			buildConfigurationList = B2A231561F41ECDA006F1C6A /* Build configuration list for PBXNativeTarget "Pokedex" */;
			buildPhases = (
				B2A231401F41ECDA006F1C6A /* Sources */,
				B2A231411F41ECDA006F1C6A /* Frameworks */,
				B2A231421F41ECDA006F1C6A /* Resources */,
			);
			buildRules = (
			);
			dependencies = (
			);
			name = Pokedex;
			productName = Pokedex;
			productReference = B2A231441F41ECDA006F1C6A /* Pokedex.app */;
			productType = "com.apple.product-type.application";
		};
/* End PBXNativeTarget section */

/* Begin PBXProject section */
		B2A2313C1F41ECDA006F1C6A /* Project object */ = {
			isa = PBXProject;
			attributes = {
				LastSwiftUpdateCheck = 0830;
				LastUpgradeCheck = 0830;
				ORGANIZATIONNAME = "Parth Tamane";
				TargetAttributes = {
					B2A231431F41ECDA006F1C6A = {
						CreatedOnToolsVersion = 8.3.3;
						DevelopmentTeam = U4985LT7P8;
						LastSwiftMigration = 0830;
						ProvisioningStyle = Automatic;
					};
				};
			};
			buildConfigurationList = B2A2313F1F41ECDA006F1C6A /* Build configuration list for PBXProject "Pokedex" */;
			compatibilityVersion = "Xcode 3.2";
			developmentRegion = English;
			hasScannedForEncodings = 0;
			knownRegions = (
				en,
				Base,
			);
			mainGroup = B2A2313B1F41ECDA006F1C6A;
			productRefGroup = B2A231451F41ECDA006F1C6A /* Products */;
			projectDirPath = "";
			projectRoot = "";
			targets = (
				B2A231431F41ECDA006F1C6A /* Pokedex */,
			);
		};
/* End PBXProject section */

/* Begin PBXResourcesBuildPhase section */
		B2A231421F41ECDA006F1C6A /* Resources */ = {
			isa = PBXResourcesBuildPhase;
			buildActionMask = 2147483647;
			files = (
				B2A231521F41ECDA006F1C6A /* LaunchScreen.storyboard in Resources */,
				B2A2314F1F41ECDA006F1C6A /* Assets.xcassets in Resources */,
				B25AA98C1F434EF600CE9EED /* Pokemon Hollow.ttf in Resources */,
				B25AA98D1F434EF600CE9EED /* Pokemon Solid.ttf in Resources */,
				B2A2315A1F41EFBC006F1C6A /* pokemon.csv in Resources */,
				B2A2314D1F41ECDA006F1C6A /* Main.storyboard in Resources */,
			);
			runOnlyForDeploymentPostprocessing = 0;
		};
/* End PBXResourcesBuildPhase section */

/* Begin PBXSourcesBuildPhase section */
		B2A231401F41ECDA006F1C6A /* Sources */ = {
			isa = PBXSourcesBuildPhase;
			buildActionMask = 2147483647;
			files = (
				B25AA9931F4351F300CE9EED /* PokeCell.swift in Sources */,
				B2A2314A1F41ECDA006F1C6A /* ViewController.swift in Sources */,
				B2A231481F41ECDA006F1C6A /* AppDelegate.swift in Sources */,
				B25AA9891F434A0B00CE9EED /* Pokemon.swift in Sources */,
				B2D4DC581F4367EE00311387 /* csv.swift in Sources */,
			);
			runOnlyForDeploymentPostprocessing = 0;
		};
/* End PBXSourcesBuildPhase section */

/* Begin PBXVariantGroup section */
		B2A2314B1F41ECDA006F1C6A /* Main.storyboard */ = {
			isa = PBXVariantGroup;
			children = (
				B2A2314C1F41ECDA006F1C6A /* Base */,
			);
			name = Main.storyboard;
			sourceTree = "<group>";
		};
		B2A231501F41ECDA006F1C6A /* LaunchScreen.storyboard */ = {
			isa = PBXVariantGroup;
			children = (
				B2A231511F41ECDA006F1C6A /* Base */,
			);
			name = LaunchScreen.storyboard;
			sourceTree = "<group>";
		};
/* End PBXVariantGroup section */

/* Begin XCBuildConfiguration section */
		B2A231541F41ECDA006F1C6A /* Debug */ = {
			isa = XCBuildConfiguration;
			buildSettings = {
				ALWAYS_SEARCH_USER_PATHS = NO;
				CLANG_ANALYZER_NONNULL = YES;
				CLANG_ANALYZER_NUMBER_OBJECT_CONVERSION = YES_AGGRESSIVE;
				CLANG_CXX_LANGUAGE_STANDARD = "gnu++0x";
				CLANG_CXX_LIBRARY = "libc++";
				CLANG_ENABLE_MODULES = YES;
				CLANG_ENABLE_OBJC_ARC = YES;
				CLANG_WARN_BOOL_CONVERSION = YES;
				CLANG_WARN_CONSTANT_CONVERSION = YES;
				CLANG_WARN_DIRECT_OBJC_ISA_USAGE = YES_ERROR;
				CLANG_WARN_DOCUMENTATION_COMMENTS = YES;
				CLANG_WARN_EMPTY_BODY = YES;
				CLANG_WARN_ENUM_CONVERSION = YES;
				CLANG_WARN_INFINITE_RECURSION = YES;
				CLANG_WARN_INT_CONVERSION = YES;
				CLANG_WARN_OBJC_ROOT_CLASS = YES_ERROR;
				CLANG_WARN_SUSPICIOUS_MOVE = YES;
				CLANG_WARN_UNREACHABLE_CODE = YES;
				CLANG_WARN__DUPLICATE_METHOD_MATCH = YES;
				"CODE_SIGN_IDENTITY[sdk=iphoneos*]" = "iPhone Developer";
				COPY_PHASE_STRIP = NO;
				DEBUG_INFORMATION_FORMAT = dwarf;
				ENABLE_STRICT_OBJC_MSGSEND = YES;
				ENABLE_TESTABILITY = YES;
				GCC_C_LANGUAGE_STANDARD = gnu99;
				GCC_DYNAMIC_NO_PIC = NO;
				GCC_NO_COMMON_BLOCKS = YES;
				GCC_OPTIMIZATION_LEVEL = 0;
				GCC_PREPROCESSOR_DEFINITIONS = (
					"DEBUG=1",
					"$(inherited)",
				);
				GCC_WARN_64_TO_32_BIT_CONVERSION = YES;
				GCC_WARN_ABOUT_RETURN_TYPE = YES_ERROR;
				GCC_WARN_UNDECLARED_SELECTOR = YES;
				GCC_WARN_UNINITIALIZED_AUTOS = YES_AGGRESSIVE;
				GCC_WARN_UNUSED_FUNCTION = YES;
				GCC_WARN_UNUSED_VARIABLE = YES;
				IPHONEOS_DEPLOYMENT_TARGET = 10.3;
				MTL_ENABLE_DEBUG_INFO = YES;
				ONLY_ACTIVE_ARCH = YES;
				SDKROOT = iphoneos;
				SWIFT_ACTIVE_COMPILATION_CONDITIONS = DEBUG;
				SWIFT_OPTIMIZATION_LEVEL = "-Onone";
				TARGETED_DEVICE_FAMILY = "1,2";
			};
			name = Debug;
		};
		B2A231551F41ECDA006F1C6A /* Release */ = {
			isa = XCBuildConfiguration;
			buildSettings = {
				ALWAYS_SEARCH_USER_PATHS = NO;
				CLANG_ANALYZER_NONNULL = YES;
				CLANG_ANALYZER_NUMBER_OBJECT_CONVERSION = YES_AGGRESSIVE;
				CLANG_CXX_LANGUAGE_STANDARD = "gnu++0x";
				CLANG_CXX_LIBRARY = "libc++";
				CLANG_ENABLE_MODULES = YES;
				CLANG_ENABLE_OBJC_ARC = YES;
				CLANG_WARN_BOOL_CONVERSION = YES;
				CLANG_WARN_CONSTANT_CONVERSION = YES;
				CLANG_WARN_DIRECT_OBJC_ISA_USAGE = YES_ERROR;
				CLANG_WARN_DOCUMENTATION_COMMENTS = YES;
				CLANG_WARN_EMPTY_BODY = YES;
				CLANG_WARN_ENUM_CONVERSION = YES;
				CLANG_WARN_INFINITE_RECURSION = YES;
				CLANG_WARN_INT_CONVERSION = YES;
				CLANG_WARN_OBJC_ROOT_CLASS = YES_ERROR;
				CLANG_WARN_SUSPICIOUS_MOVE = YES;
				CLANG_WARN_UNREACHABLE_CODE = YES;
				CLANG_WARN__DUPLICATE_METHOD_MATCH = YES;
				"CODE_SIGN_IDENTITY[sdk=iphoneos*]" = "iPhone Developer";
				COPY_PHASE_STRIP = NO;
				DEBUG_INFORMATION_FORMAT = "dwarf-with-dsym";
				ENABLE_NS_ASSERTIONS = NO;
				ENABLE_STRICT_OBJC_MSGSEND = YES;
				GCC_C_LANGUAGE_STANDARD = gnu99;
				GCC_NO_COMMON_BLOCKS = YES;
				GCC_WARN_64_TO_32_BIT_CONVERSION = YES;
				GCC_WARN_ABOUT_RETURN_TYPE = YES_ERROR;
				GCC_WARN_UNDECLARED_SELECTOR = YES;
				GCC_WARN_UNINITIALIZED_AUTOS = YES_AGGRESSIVE;
				GCC_WARN_UNUSED_FUNCTION = YES;
				GCC_WARN_UNUSED_VARIABLE = YES;
				IPHONEOS_DEPLOYMENT_TARGET = 10.3;
				MTL_ENABLE_DEBUG_INFO = NO;
				SDKROOT = iphoneos;
				SWIFT_OPTIMIZATION_LEVEL = "-Owholemodule";
				TARGETED_DEVICE_FAMILY = "1,2";
				VALIDATE_PRODUCT = YES;
			};
			name = Release;
		};
		B2A231571F41ECDA006F1C6A /* Debug */ = {
			isa = XCBuildConfiguration;
			buildSettings = {
				ASSETCATALOG_COMPILER_APPICON_NAME = AppIcon;
				DEVELOPMENT_TEAM = U4985LT7P8;
				INFOPLIST_FILE = Pokedex/Info.plist;
				LD_RUNPATH_SEARCH_PATHS = "$(inherited) @executable_path/Frameworks";
				PRODUCT_BUNDLE_IDENTIFIER = com.parthtamane.Pokedex;
				PRODUCT_NAME = "$(TARGET_NAME)";
				SWIFT_VERSION = 3.0;
			};
			name = Debug;
		};
		B2A231581F41ECDA006F1C6A /* Release */ = {
			isa = XCBuildConfiguration;
			buildSettings = {
				ASSETCATALOG_COMPILER_APPICON_NAME = AppIcon;
				DEVELOPMENT_TEAM = U4985LT7P8;
				INFOPLIST_FILE = Pokedex/Info.plist;
				LD_RUNPATH_SEARCH_PATHS = "$(inherited) @executable_path/Frameworks";
				PRODUCT_BUNDLE_IDENTIFIER = com.parthtamane.Pokedex;
				PRODUCT_NAME = "$(TARGET_NAME)";
				SWIFT_VERSION = 3.0;
			};
			name = Release;
		};
/* End XCBuildConfiguration section */

/* Begin XCConfigurationList section */
		B2A2313F1F41ECDA006F1C6A /* Build configuration list for PBXProject "Pokedex" */ = {
			isa = XCConfigurationList;
			buildConfigurations = (
				B2A231541F41ECDA006F1C6A /* Debug */,
				B2A231551F41ECDA006F1C6A /* Release */,
			);
			defaultConfigurationIsVisible = 0;
			defaultConfigurationName = Release;
		};
		B2A231561F41ECDA006F1C6A /* Build configuration list for PBXNativeTarget "Pokedex" */ = {
			isa = XCConfigurationList;
			buildConfigurations = (
				B2A231571F41ECDA006F1C6A /* Debug */,
				B2A231581F41ECDA006F1C6A /* Release */,
			);
			defaultConfigurationIsVisible = 0;
			defaultConfigurationName = Release;
		};
/* End XCConfigurationList section */
	};
	rootObject = B2A2313C1F41ECDA006F1C6A /* Project object */;
}
